
Microsoft Visual Studio Solution File, Format Version 12.00
# Visual Studio Version 17
VisualStudioVersion = 17.0.31903.59
MinimumVisualStudioVersion = 10.0.40219.1
Project("{2150E333-8FDC-42A3-9474-1A3956D46DE8}") = "src", "src", "{827E0CD3-B72D-47B6-A68D-7590B98EB39B}"
EndProject
Project("{FAE04EC0-301F-11D3-BF4B-00C04F79EFBC}") = "DP.LabelInspection.Contracts", "src\DP.LabelInspection.Contracts\DP.LabelInspection.Contracts.csproj", "{8D849247-801C-4792-B200-965ABB97032A}"
EndProject
Project("{FAE04EC0-301F-11D3-BF4B-00C04F79EFBC}") = "DP.LabelInspection.Core", "src\DP.LabelInspection.Core\DP.LabelInspection.Core.csproj", "{B2EDB344-1BC2-43AF-88A8-426B4350AF6E}"
EndProject
Project("{FAE04EC0-301F-11D3-BF4B-00C04F79EFBC}") = "DP.LabelInspection", "src\DP.LabelInspection\DP.LabelInspection.csproj", "{E45BD3F9-3238-4842-8A88-C7D25DAF969D}"
EndProject
Project("{2150E333-8FDC-42A3-9474-1A3956D46DE8}") = "samples", "samples", "{5D20AA90-6969-D8BD-9DCD-8634F4692FDA}"
EndProject
Project("{FAE04EC0-301F-11D3-BF4B-00C04F79EFBC}") = "DP.LabelInspection.Demo.WinForms", "samples\DP.LabelInspection.Demo.WinForms\DP.LabelInspection.Demo.WinForms.csproj", "{49ACB932-80F3-4517-8789-B506C78DA643}"
EndProject
Project("{2150E333-8FDC-42A3-9474-1A3956D46DE8}") = "tests", "tests", "{0AB3BF05-4346-4AA6-1389-037BE0695223}"
EndProject
Project("{FAE04EC0-301F-11D3-BF4B-00C04F79EFBC}") = "DP.LabelInspection.Tests", "tests\DP.LabelInspection.Tests\DP.LabelInspection.Tests.csproj", "{E7AB2A3F-4004-4493-992C-CB4BAC0777B4}"
EndProject
Project("{2150E333-8FDC-42A3-9474-1A3956D46DE8}") = "tools", "tools", "{07C2787E-EAC7-C090-1BA3-A61EC2A24D84}"
EndProject
Project("{FAE04EC0-301F-11D3-BF4B-00C04F79EFBC}") = "DP.LabelInspection.CompatibilityProbe", "tools\DP.LabelInspection.CompatibilityProbe\DP.LabelInspection.CompatibilityProbe.csproj", "{43B83FD6-FA31-475B-843E-567384DAE31C}"
EndProject
Project("{FAE04EC0-301F-11D3-BF4B-00C04F79EFBC}") = "DP.LabelInspection.OcrRegression", "tools\DP.LabelInspection.OcrRegression\DP.LabelInspection.OcrRegression.csproj", "{4DEC29F6-BCDA-47CA-87E9-8F4F463DC77B}"
EndProject
Project("{FAE04EC0-301F-11D3-BF4B-00C04F79EFBC}") = "DP.LabelInspection.Storage", "src\DP.LabelInspection.Storage\DP.LabelInspection.Storage.csproj", "{8DA96C4E-88F0-4837-AF68-B31C4AB63FE8}"
EndProject
Project("{FAE04EC0-301F-11D3-BF4B-00C04F79EFBC}") = "DP.LabelInspection.Wpf", "src\DP.LabelInspection.Wpf\DP.LabelInspection.Wpf.csproj", "{1DD906DB-6421-4975-886E-9AD3788E9949}"
EndProject
Project("{FAE04EC0-301F-11D3-BF4B-00C04F79EFBC}") = "DP.LabelInspection.Demo.Wpf", "samples\DP.LabelInspection.Demo.Wpf\DP.LabelInspection.Demo.Wpf.csproj", "{AA680E72-12E3-49E5-8CD8-E7BDCDF7E671}"
EndProject
Project("{FAE04EC0-301F-11D3-BF4B-00C04F79EFBC}") = "DP.LabelInspection.BarcodeRegression", "tools\DP.LabelInspection.BarcodeRegression\DP.LabelInspection.BarcodeRegression.csproj", "{295C5C22-85C2-42FF-8273-B8418D9A97D3}"
EndProject
Project("{FAE04EC0-301F-11D3-BF4B-00C04F79EFBC}") = "DP.LabelInspection.Adapter.Vision", "src\DP.LabelInspection.Adapter.Vision\DP.LabelInspection.Adapter.Vision.csproj", "{CC6D363A-DDAB-4ED9-9653-69CA03FEB99E}"
EndProject
Project("{FAE04EC0-301F-11D3-BF4B-00C04F79EFBC}") = "DP.Vision", "..\DP.Vision\src\DP.Vision\DP.Vision.csproj", "{060919F3-28B2-4357-8AF8-B7F172845972}"
EndProject
Project("{FAE04EC0-301F-11D3-BF4B-00C04F79EFBC}") = "DP.Vision.Algorithms", "..\DP.Vision\src\DP.Vision.Algorithms\DP.Vision.Algorithms.csproj", "{FE3F8D57-D3F7-4F55-A866-74454211FF30}"
EndProject
Project("{FAE04EC0-301F-11D3-BF4B-00C04F79EFBC}") = "DP.Vision.OpenCv", "..\DP.Vision\src\DP.Vision.OpenCv\DP.Vision.OpenCv.csproj", "{93336A2F-74B6-4C76-AE14-5661D9BCFBCF}"
EndProject
Project("{FAE04EC0-301F-11D3-BF4B-00C04F79EFBC}") = "DP.Vision.Onnx", "..\DP.Vision\src\DP.Vision.Onnx\DP.Vision.Onnx.csproj", "{BE8A7790-7A87-4C82-BB37-D1C19FC15DD9}"
EndProject
Project("{FAE04EC0-301F-11D3-BF4B-00C04F79EFBC}") = "DP.Vision.Zxing", "..\DP.Vision\src\DP.Vision.Zxing\DP.Vision.Zxing.csproj", "{50E1E502-6C17-4B8D-93E0-73C502849E30}"
EndProject
Project("{FAE04EC0-301F-11D3-BF4B-00C04F79EFBC}") = "DP.LabelInspection.Runtime", "src\DP.LabelInspection.Runtime\DP.LabelInspection.Runtime.csproj", "{E2550739-E067-454D-ABAF-1939F12EC896}"
EndProject
Project("{FAE04EC0-301F-11D3-BF4B-00C04F79EFBC}") = "DP.Vision.OnnxDetection", "..\DP.Vision\src\DP.Vision.OnnxDetection\DP.Vision.OnnxDetection.csproj", "{1A8A1B03-680A-40E0-A1E8-4C497A993758}"
EndProject
Project("{FAE04EC0-301F-11D3-BF4B-00C04F79EFBC}") = "DP.Vision.UI", "..\DP.Vision\src\DP.Vision.UI\DP.Vision.UI.csproj", "{FE747157-41B1-45BD-BC5E-DA169ADCCA1C}"
EndProject
Project("{FAE04EC0-301F-11D3-BF4B-00C04F79EFBC}") = "DP.LabelInspection.AnomalyBenchmark", "tools\DP.LabelInspection.AnomalyBenchmark\DP.LabelInspection.AnomalyBenchmark.csproj", "{B0BC37A6-297E-44CF-B460-6C8A15B47099}"
EndProject
Global
	GlobalSection(SolutionConfigurationPlatforms) = preSolution
		Debug|x64 = Debug|x64
		Debug|Any CPU = Debug|Any CPU
		Debug|x86 = Debug|x86
		Release|x64 = Release|x64
		Release|Any CPU = Release|Any CPU
		Release|x86 = Release|x86
	EndGlobalSection
	GlobalSection(ProjectConfigurationPlatforms) = postSolution
		{8D849247-801C-4792-B200-965ABB97032A}.Debug|x64.ActiveCfg = Debug|Any CPU
		{8D849247-801C-4792-B200-965ABB97032A}.Debug|x64.Build.0 = Debug|Any CPU
		{8D849247-801C-4792-B200-965ABB97032A}.Debug|Any CPU.ActiveCfg = Debug|Any CPU
		{8D849247-801C-4792-B200-965ABB97032A}.Debug|Any CPU.Build.0 = Debug|Any CPU
		{8D849247-801C-4792-B200-965ABB97032A}.Debug|x86.ActiveCfg = Debug|Any CPU
		{8D849247-801C-4792-B200-965ABB97032A}.Debug|x86.Build.0 = Debug|Any CPU
		{8D849247-801C-4792-B200-965ABB97032A}.Release|x64.ActiveCfg = Release|Any CPU
		{8D849247-801C-4792-B200-965ABB97032A}.Release|x64.Build.0 = Release|Any CPU
		{8D849247-801C-4792-B200-965ABB97032A}.Release|Any CPU.ActiveCfg = Release|Any CPU
		{8D849247-801C-4792-B200-965ABB97032A}.Release|Any CPU.Build.0 = Release|Any CPU
		{8D849247-801C-4792-B200-965ABB97032A}.Release|x86.ActiveCfg = Release|Any CPU
		{8D849247-801C-4792-B200-965ABB97032A}.Release|x86.Build.0 = Release|Any CPU
		{B2EDB344-1BC2-43AF-88A8-426B4350AF6E}.Debug|x64.ActiveCfg = Debug|Any CPU
		{B2EDB344-1BC2-43AF-88A8-426B4350AF6E}.Debug|x64.Build.0 = Debug|Any CPU
		{B2EDB344-1BC2-43AF-88A8-426B4350AF6E}.Debug|Any CPU.ActiveCfg = Debug|Any CPU
		{B2EDB344-1BC2-43AF-88A8-426B4350AF6E}.Debug|Any CPU.Build.0 = Debug|Any CPU
		{B2EDB344-1BC2-43AF-88A8-426B4350AF6E}.Debug|x86.ActiveCfg = Debug|Any CPU
		{B2EDB344-1BC2-43AF-88A8-426B4350AF6E}.Debug|x86.Build.0 = Debug|Any CPU
		{B2EDB344-1BC2-43AF-88A8-426B4350AF6E}.Release|x64.ActiveCfg = Release|Any CPU
		{B2EDB344-1BC2-43AF-88A8-426B4350AF6E}.Release|x64.Build.0 = Release|Any CPU
		{B2EDB344-1BC2-43AF-88A8-426B4350AF6E}.Release|Any CPU.ActiveCfg = Release|Any CPU
		{B2EDB344-1BC2-43AF-88A8-426B4350AF6E}.Release|Any CPU.Build.0 = Release|Any CPU
		{B2EDB344-1BC2-43AF-88A8-426B4350AF6E}.Release|x86.ActiveCfg = Release|Any CPU
		{B2EDB344-1BC2-43AF-88A8-426B4350AF6E}.Release|x86.Build.0 = Release|Any CPU
		{E45BD3F9-3238-4842-8A88-C7D25DAF969D}.Debug|x64.ActiveCfg = Debug|Any CPU
		{E45BD3F9-3238-4842-8A88-C7D25DAF969D}.Debug|x64.Build.0 = Debug|Any CPU
		{E45BD3F9-3238-4842-8A88-C7D25DAF969D}.Debug|Any CPU.ActiveCfg = Debug|Any CPU
		{E45BD3F9-3238-4842-8A88-C7D25DAF969D}.Debug|Any CPU.Build.0 = Debug|Any CPU
		{E45BD3F9-3238-4842-8A88-C7D25DAF969D}.Debug|x86.ActiveCfg = Debug|Any CPU
		{E45BD3F9-3238-4842-8A88-C7D25DAF969D}.Debug|x86.Build.0 = Debug|Any CPU
		{E45BD3F9-3238-4842-8A88-C7D25DAF969D}.Release|x64.ActiveCfg = Release|Any CPU
		{E45BD3F9-3238-4842-8A88-C7D25DAF969D}.Release|x64.Build.0 = Release|Any CPU
		{E45BD3F9-3238-4842-8A88-C7D25DAF969D}.Release|Any CPU.ActiveCfg = Release|Any CPU
		{E45BD3F9-3238-4842-8A88-C7D25DAF969D}.Release|Any CPU.Build.0 = Release|Any CPU
		{E45BD3F9-3238-4842-8A88-C7D25DAF969D}.Release|x86.ActiveCfg = Release|Any CPU
		{E45BD3F9-3238-4842-8A88-C7D25DAF969D}.Release|x86.Build.0 = Release|Any CPU
		{49ACB932-80F3-4517-8789-B506C78DA643}.Debug|x64.ActiveCfg = Debug|Any CPU
		{49ACB932-80F3-4517-8789-B506C78DA643}.Debug|x64.Build.0 = Debug|Any CPU
		{49ACB932-80F3-4517-8789-B506C78DA643}.Debug|Any CPU.ActiveCfg = Debug|Any CPU
		{49ACB932-80F3-4517-8789-B506C78DA643}.Debug|Any CPU.Build.0 = Debug|Any CPU
		{49ACB932-80F3-4517-8789-B506C78DA643}.Debug|x86.ActiveCfg = Debug|Any CPU
		{49ACB932-80F3-4517-8789-B506C78DA643}.Debug|x86.Build.0 = Debug|Any CPU
		{49ACB932-80F3-4517-8789-B506C78DA643}.Release|x64.ActiveCfg = Release|Any CPU
		{49ACB932-80F3-4517-8789-B506C78DA643}.Release|x64.Build.0 = Release|Any CPU
		{49ACB932-80F3-4517-8789-B506C78DA643}.Release|Any CPU.ActiveCfg = Release|Any CPU
		{49ACB932-80F3-4517-8789-B506C78DA643}.Release|Any CPU.Build.0 = Release|Any CPU
		{49ACB932-80F3-4517-8789-B506C78DA643}.Release|x86.ActiveCfg = Release|Any CPU
		{49ACB932-80F3-4517-8789-B506C78DA643}.Release|x86.Build.0 = Release|Any CPU
		{E7AB2A3F-4004-4493-992C-CB4BAC0777B4}.Debug|x64.ActiveCfg = Debug|Any CPU
		{E7AB2A3F-4004-4493-992C-CB4BAC0777B4}.Debug|x64.Build.0 = Debug|Any CPU
		{E7AB2A3F-4004-4493-992C-CB4BAC0777B4}.Debug|Any CPU.ActiveCfg = Debug|Any CPU
		{E7AB2A3F-4004-4493-992C-CB4BAC0777B4}.Debug|Any CPU.Build.0 = Debug|Any CPU
		{E7AB2A3F-4004-4493-992C-CB4BAC0777B4}.Debug|x86.ActiveCfg = Debug|Any CPU
		{E7AB2A3F-4004-4493-992C-CB4BAC0777B4}.Debug|x86.Build.0 = Debug|Any CPU
		{E7AB2A3F-4004-4493-992C-CB4BAC0777B4}.Release|x64.ActiveCfg = Release|Any CPU
		{E7AB2A3F-4004-4493-992C-CB4BAC0777B4}.Release|x64.Build.0 = Release|Any CPU
		{E7AB2A3F-4004-4493-992C-CB4BAC0777B4}.Release|Any CPU.ActiveCfg = Release|Any CPU
		{E7AB2A3F-4004-4493-992C-CB4BAC0777B4}.Release|Any CPU.Build.0 = Release|Any CPU
		{E7AB2A3F-4004-4493-992C-CB4BAC0777B4}.Release|x86.ActiveCfg = Release|Any CPU
		{E7AB2A3F-4004-4493-992C-CB4BAC0777B4}.Release|x86.Build.0 = Release|Any CPU
		{43B83FD6-FA31-475B-843E-567384DAE31C}.Debug|x64.ActiveCfg = Debug|Any CPU
		{43B83FD6-FA31-475B-843E-567384DAE31C}.Debug|x64.Build.0 = Debug|Any CPU
		{43B83FD6-FA31-475B-843E-567384DAE31C}.Debug|Any CPU.ActiveCfg = Debug|Any CPU
		{43B83FD6-FA31-475B-843E-567384DAE31C}.Debug|Any CPU.Build.0 = Debug|Any CPU
		{43B83FD6-FA31-475B-843E-567384DAE31C}.Debug|x86.ActiveCfg = Debug|Any CPU
		{43B83FD6-FA31-475B-843E-567384DAE31C}.Debug|x86.Build.0 = Debug|Any CPU
		{43B83FD6-FA31-475B-843E-567384DAE31C}.Release|x64.ActiveCfg = Release|Any CPU
		{43B83FD6-FA31-475B-843E-567384DAE31C}.Release|x64.Build.0 = Release|Any CPU
		{43B83FD6-FA31-475B-843E-567384DAE31C}.Release|Any CPU.ActiveCfg = Release|Any CPU
		{43B83FD6-FA31-475B-843E-567384DAE31C}.Release|Any CPU.Build.0 = Release|Any CPU
		{43B83FD6-FA31-475B-843E-567384DAE31C}.Release|x86.ActiveCfg = Release|Any CPU
		{43B83FD6-FA31-475B-843E-567384DAE31C}.Release|x86.Build.0 = Release|Any CPU
		{4DEC29F6-BCDA-47CA-87E9-8F4F463DC77B}.Debug|x64.ActiveCfg = Debug|Any CPU
		{4DEC29F6-BCDA-47CA-87E9-8F4F463DC77B}.Debug|x64.Build.0 = Debug|Any CPU
		{4DEC29F6-BCDA-47CA-87E9-8F4F463DC77B}.Debug|Any CPU.ActiveCfg = Debug|Any CPU
		{4DEC29F6-BCDA-47CA-87E9-8F4F463DC77B}.Debug|Any CPU.Build.0 = Debug|Any CPU
		{4DEC29F6-BCDA-47CA-87E9-8F4F463DC77B}.Debug|x86.ActiveCfg = Debug|Any CPU
		{4DEC29F6-BCDA-47CA-87E9-8F4F463DC77B}.Debug|x86.Build.0 = Debug|Any CPU
		{4DEC29F6-BCDA-47CA-87E9-8F4F463DC77B}.Release|x64.ActiveCfg = Release|Any CPU
		{4DEC29F6-BCDA-47CA-87E9-8F4F463DC77B}.Release|x64.Build.0 = Release|Any CPU
		{4DEC29F6-BCDA-47CA-87E9-8F4F463DC77B}.Release|Any CPU.ActiveCfg = Release|Any CPU
		{4DEC29F6-BCDA-47CA-87E9-8F4F463DC77B}.Release|Any CPU.Build.0 = Release|Any CPU
		{4DEC29F6-BCDA-47CA-87E9-8F4F463DC77B}.Release|x86.ActiveCfg = Release|Any CPU
		{4DEC29F6-BCDA-47CA-87E9-8F4F463DC77B}.Release|x86.Build.0 = Release|Any CPU
		{8DA96C4E-88F0-4837-AF68-B31C4AB63FE8}.Debug|x64.ActiveCfg = Debug|Any CPU
		{8DA96C4E-88F0-4837-AF68-B31C4AB63FE8}.Debug|x64.Build.0 = Debug|Any CPU
		{8DA96C4E-88F0-4837-AF68-B31C4AB63FE8}.Debug|Any CPU.ActiveCfg = Debug|Any CPU
		{8DA96C4E-88F0-4837-AF68-B31C4AB63FE8}.Debug|Any CPU.Build.0 = Debug|Any CPU
		{8DA96C4E-88F0-4837-AF68-B31C4AB63FE8}.Debug|x86.ActiveCfg = Debug|Any CPU
		{8DA96C4E-88F0-4837-AF68-B31C4AB63FE8}.Debug|x86.Build.0 = Debug|Any CPU
		{8DA96C4E-88F0-4837-AF68-B31C4AB63FE8}.Release|x64.ActiveCfg = Release|Any CPU
		{8DA96C4E-88F0-4837-AF68-B31C4AB63FE8}.Release|x64.Build.0 = Release|Any CPU
		{8DA96C4E-88F0-4837-AF68-B31C4AB63FE8}.Release|Any CPU.ActiveCfg = Release|Any CPU
		{8DA96C4E-88F0-4837-AF68-B31C4AB63FE8}.Release|Any CPU.Build.0 = Release|Any CPU
		{8DA96C4E-88F0-4837-AF68-B31C4AB63FE8}.Release|x86.ActiveCfg = Release|Any CPU
		{8DA96C4E-88F0-4837-AF68-B31C4AB63FE8}.Release|x86.Build.0 = Release|Any CPU
		{1DD906DB-6421-4975-886E-9AD3788E9949}.Debug|x64.ActiveCfg = Debug|Any CPU
		{1DD906DB-6421-4975-886E-9AD3788E9949}.Debug|x64.Build.0 = Debug|Any CPU
		{1DD906DB-6421-4975-886E-9AD3788E9949}.Debug|Any CPU.ActiveCfg = Debug|Any CPU
		{1DD906DB-6421-4975-886E-9AD3788E9949}.Debug|Any CPU.Build.0 = Debug|Any CPU
		{1DD906DB-6421-4975-886E-9AD3788E9949}.Debug|x86.ActiveCfg = Debug|Any CPU
		{1DD906DB-6421-4975-886E-9AD3788E9949}.Debug|x86.Build.0 = Debug|Any CPU
		{1DD906DB-6421-4975-886E-9AD3788E9949}.Release|x64.ActiveCfg = Release|Any CPU
		{1DD906DB-6421-4975-886E-9AD3788E9949}.Release|x64.Build.0 = Release|Any CPU
		{1DD906DB-6421-4975-886E-9AD3788E9949}.Release|Any CPU.ActiveCfg = Release|Any CPU
		{1DD906DB-6421-4975-886E-9AD3788E9949}.Release|Any CPU.Build.0 = Release|Any CPU
		{1DD906DB-6421-4975-886E-9AD3788E9949}.Release|x86.ActiveCfg = Release|Any CPU
		{1DD906DB-6421-4975-886E-9AD3788E9949}.Release|x86.Build.0 = Release|Any CPU
		{AA680E72-12E3-49E5-8CD8-E7BDCDF7E671}.Debug|x64.ActiveCfg = Debug|Any CPU
		{AA680E72-12E3-49E5-8CD8-E7BDCDF7E671}.Debug|x64.Build.0 = Debug|Any CPU
		{AA680E72-12E3-49E5-8CD8-E7BDCDF7E671}.Debug|Any CPU.ActiveCfg = Debug|Any CPU
		{AA680E72-12E3-49E5-8CD8-E7BDCDF7E671}.Debug|Any CPU.Build.0 = Debug|Any CPU
		{AA680E72-12E3-49E5-8CD8-E7BDCDF7E671}.Debug|x86.ActiveCfg = Debug|Any CPU
		{AA680E72-12E3-49E5-8CD8-E7BDCDF7E671}.Debug|x86.Build.0 = Debug|Any CPU
		{AA680E72-12E3-49E5-8CD8-E7BDCDF7E671}.Release|x64.ActiveCfg = Release|Any CPU
		{AA680E72-12E3-49E5-8CD8-E7BDCDF7E671}.Release|x64.Build.0 = Release|Any CPU
		{AA680E72-12E3-49E5-8CD8-E7BDCDF7E671}.Release|Any CPU.ActiveCfg = Release|Any CPU
		{AA680E72-12E3-49E5-8CD8-E7BDCDF7E671}.Release|Any CPU.Build.0 = Release|Any CPU
		{AA680E72-12E3-49E5-8CD8-E7BDCDF7E671}.Release|x86.ActiveCfg = Release|Any CPU
		{AA680E72-12E3-49E5-8CD8-E7BDCDF7E671}.Release|x86.Build.0 = Release|Any CPU
		{295C5C22-85C2-42FF-8273-B8418D9A97D3}.Debug|x64.ActiveCfg = Debug|Any CPU
		{295C5C22-85C2-42FF-8273-B8418D9A97D3}.Debug|x64.Build.0 = Debug|Any CPU
		{295C5C22-85C2-42FF-8273-B8418D9A97D3}.Debug|Any CPU.ActiveCfg = Debug|Any CPU
		{295C5C22-85C2-42FF-8273-B8418D9A97D3}.Debug|Any CPU.Build.0 = Debug|Any CPU
		{295C5C22-85C2-42FF-8273-B8418D9A97D3}.Debug|x86.ActiveCfg = Debug|Any CPU
		{295C5C22-85C2-42FF-8273-B8418D9A97D3}.Debug|x86.Build.0 = Debug|Any CPU
		{295C5C22-85C2-42FF-8273-B8418D9A97D3}.Release|x64.ActiveCfg = Release|Any CPU
		{295C5C22-85C2-42FF-8273-B8418D9A97D3}.Release|x64.Build.0 = Release|Any CPU
		{295C5C22-85C2-42FF-8273-B8418D9A97D3}.Release|Any CPU.ActiveCfg = Release|Any CPU
		{295C5C22-85C2-42FF-8273-B8418D9A97D3}.Release|Any CPU.Build.0 = Release|Any CPU
		{295C5C22-85C2-42FF-8273-B8418D9A97D3}.Release|x86.ActiveCfg = Release|Any CPU
		{295C5C22-85C2-42FF-8273-B8418D9A97D3}.Release|x86.Build.0 = Release|Any CPU
		{CC6D363A-DDAB-4ED9-9653-69CA03FEB99E}.Debug|x64.ActiveCfg = Debug|Any CPU
		{CC6D363A-DDAB-4ED9-9653-69CA03FEB99E}.Debug|x64.Build.0 = Debug|Any CPU
		{CC6D363A-DDAB-4ED9-9653-69CA03FEB99E}.Debug|Any CPU.ActiveCfg = Debug|Any CPU
		{CC6D363A-DDAB-4ED9-9653-69CA03FEB99E}.Debug|Any CPU.Build.0 = Debug|Any CPU
		{CC6D363A-DDAB-4ED9-9653-69CA03FEB99E}.Debug|x86.ActiveCfg = Debug|Any CPU
		{CC6D363A-DDAB-4ED9-9653-69CA03FEB99E}.Debug|x86.Build.0 = Debug|Any CPU
		{CC6D363A-DDAB-4ED9-9653-69CA03FEB99E}.Release|x64.ActiveCfg = Release|Any CPU
		{CC6D363A-DDAB-4ED9-9653-69CA03FEB99E}.Release|x64.Build.0 = Release|Any CPU
		{CC6D363A-DDAB-4ED9-9653-69CA03FEB99E}.Release|Any CPU.ActiveCfg = Release|Any CPU
		{CC6D363A-DDAB-4ED9-9653-69CA03FEB99E}.Release|Any CPU.Build.0 = Release|Any CPU
		{CC6D363A-DDAB-4ED9-9653-69CA03FEB99E}.Release|x86.ActiveCfg = Release|Any CPU
		{CC6D363A-DDAB-4ED9-9653-69CA03FEB99E}.Release|x86.Build.0 = Release|Any CPU
		{060919F3-28B2-4357-8AF8-B7F172845972}.Debug|x64.ActiveCfg = Debug|Any CPU
		{060919F3-28B2-4357-8AF8-B7F172845972}.Debug|x64.Build.0 = Debug|Any CPU
		{060919F3-28B2-4357-8AF8-B7F172845972}.Debug|Any CPU.ActiveCfg = Debug|Any CPU
		{060919F3-28B2-4357-8AF8-B7F172845972}.Debug|Any CPU.Build.0 = Debug|Any CPU
		{060919F3-28B2-4357-8AF8-B7F172845972}.Debug|x86.ActiveCfg = Debug|Any CPU
		{060919F3-28B2-4357-8AF8-B7F172845972}.Debug|x86.Build.0 = Debug|Any CPU
		{060919F3-28B2-4357-8AF8-B7F172845972}.Release|x64.ActiveCfg = Release|Any CPU
		{060919F3-28B2-4357-8AF8-B7F172845972}.Release|x64.Build.0 = Release|Any CPU
		{060919F3-28B2-4357-8AF8-B7F172845972}.Release|Any CPU.ActiveCfg = Release|Any CPU
		{060919F3-28B2-4357-8AF8-B7F172845972}.Release|Any CPU.Build.0 = Release|Any CPU
		{060919F3-28B2-4357-8AF8-B7F172845972}.Release|x86.ActiveCfg = Release|Any CPU
		{060919F3-28B2-4357-8AF8-B7F172845972}.Release|x86.Build.0 = Release|Any CPU
		{FE3F8D57-D3F7-4F55-A866-74454211FF30}.Debug|x64.ActiveCfg = Debug|Any CPU
		{FE3F8D57-D3F7-4F55-A866-74454211FF30}.Debug|x64.Build.0 = Debug|Any CPU
		{FE3F8D57-D3F7-4F55-A866-74454211FF30}.Debug|Any CPU.ActiveCfg = Debug|Any CPU
		{FE3F8D57-D3F7-4F55-A866-74454211FF30}.Debug|Any CPU.Build.0 = Debug|Any CPU
		{FE3F8D57-D3F7-4F55-A866-74454211FF30}.Debug|x86.ActiveCfg = Debug|Any CPU
		{FE3F8D57-D3F7-4F55-A866-74454211FF30}.Debug|x86.Build.0 = Debug|Any CPU
		{FE3F8D57-D3F7-4F55-A866-74454211FF30}.Release|x64.ActiveCfg = Release|Any CPU
		{FE3F8D57-D3F7-4F55-A866-74454211FF30}.Release|x64.Build.0 = Release|Any CPU
		{FE3F8D57-D3F7-4F55-A866-74454211FF30}.Release|Any CPU.ActiveCfg = Release|Any CPU
		{FE3F8D57-D3F7-4F55-A866-74454211FF30}.Release|Any CPU.Build.0 = Release|Any CPU
		{FE3F8D57-D3F7-4F55-A866-74454211FF30}.Release|x86.ActiveCfg = Release|Any CPU
		{FE3F8D57-D3F7-4F55-A866-74454211FF30}.Release|x86.Build.0 = Release|Any CPU
		{93336A2F-74B6-4C76-AE14-5661D9BCFBCF}.Debug|x64.ActiveCfg = Debug|Any CPU
		{93336A2F-74B6-4C76-AE14-5661D9BCFBCF}.Debug|x64.Build.0 = Debug|Any CPU
		{93336A2F-74B6-4C76-AE14-5661D9BCFBCF}.Debug|Any CPU.ActiveCfg = Debug|Any CPU
		{93336A2F-74B6-4C76-AE14-5661D9BCFBCF}.Debug|Any CPU.Build.0 = Debug|Any CPU
		{93336A2F-74B6-4C76-AE14-5661D9BCFBCF}.Debug|x86.ActiveCfg = Debug|Any CPU
		{93336A2F-74B6-4C76-AE14-5661D9BCFBCF}.Debug|x86.Build.0 = Debug|Any CPU
		{93336A2F-74B6-4C76-AE14-5661D9BCFBCF}.Release|x64.ActiveCfg = Release|Any CPU
		{93336A2F-74B6-4C76-AE14-5661D9BCFBCF}.Release|x64.Build.0 = Release|Any CPU
		{93336A2F-74B6-4C76-AE14-5661D9BCFBCF}.Release|Any CPU.ActiveCfg = Release|Any CPU
		{93336A2F-74B6-4C76-AE14-5661D9BCFBCF}.Release|Any CPU.Build.0 = Release|Any CPU
		{93336A2F-74B6-4C76-AE14-5661D9BCFBCF}.Release|x86.ActiveCfg = Release|Any CPU
		{93336A2F-74B6-4C76-AE14-5661D9BCFBCF}.Release|x86.Build.0 = Release|Any CPU
		{BE8A7790-7A87-4C82-BB37-D1C19FC15DD9}.Debug|x64.ActiveCfg = Debug|Any CPU
		{BE8A7790-7A87-4C82-BB37-D1C19FC15DD9}.Debug|x64.Build.0 = Debug|Any CPU
		{BE8A7790-7A87-4C82-BB37-D1C19FC15DD9}.Debug|Any CPU.ActiveCfg = Debug|Any CPU
		{BE8A7790-7A87-4C82-BB37-D1C19FC15DD9}.Debug|Any CPU.Build.0 = Debug|Any CPU
		{BE8A7790-7A87-4C82-BB37-D1C19FC15DD9}.Debug|x86.ActiveCfg = Debug|Any CPU
		{BE8A7790-7A87-4C82-BB37-D1C19FC15DD9}.Debug|x86.Build.0 = Debug|Any CPU
		{BE8A7790-7A87-4C82-BB37-D1C19FC15DD9}.Release|x64.ActiveCfg = Release|Any CPU
		{BE8A7790-7A87-4C82-BB37-D1C19FC15DD9}.Release|x64.Build.0 = Release|Any CPU
		{BE8A7790-7A87-4C82-BB37-D1C19FC15DD9}.Release|Any CPU.ActiveCfg = Release|Any CPU
		{BE8A7790-7A87-4C82-BB37-D1C19FC15DD9}.Release|Any CPU.Build.0 = Release|Any CPU
		{BE8A7790-7A87-4C82-BB37-D1C19FC15DD9}.Release|x86.ActiveCfg = Release|Any CPU
		{BE8A7790-7A87-4C82-BB37-D1C19FC15DD9}.Release|x86.Build.0 = Release|Any CPU
		{50E1E502-6C17-4B8D-93E0-73C502849E30}.Debug|x64.ActiveCfg = Debug|Any CPU
		{50E1E502-6C17-4B8D-93E0-73C502849E30}.Debug|x64.Build.0 = Debug|Any CPU
		{50E1E502-6C17-4B8D-93E0-73C502849E30}.Debug|Any CPU.ActiveCfg = Debug|Any CPU
		{50E1E502-6C17-4B8D-93E0-73C502849E30}.Debug|Any CPU.Build.0 = Debug|Any CPU
		{50E1E502-6C17-4B8D-93E0-73C502849E30}.Debug|x86.ActiveCfg = Debug|Any CPU
		{50E1E502-6C17-4B8D-93E0-73C502849E30}.Debug|x86.Build.0 = Debug|Any CPU
		{50E1E502-6C17-4B8D-93E0-73C502849E30}.Release|x64.ActiveCfg = Release|Any CPU
		{50E1E502-6C17-4B8D-93E0-73C502849E30}.Release|x64.Build.0 = Release|Any CPU
		{50E1E502-6C17-4B8D-93E0-73C502849E30}.Release|Any CPU.ActiveCfg = Release|Any CPU
		{50E1E502-6C17-4B8D-93E0-73C502849E30}.Release|Any CPU.Build.0 = Release|Any CPU
		{50E1E502-6C17-4B8D-93E0-73C502849E30}.Release|x86.ActiveCfg = Release|Any CPU
		{50E1E502-6C17-4B8D-93E0-73C502849E30}.Release|x86.Build.0 = Release|Any CPU
		{E2550739-E067-454D-ABAF-1939F12EC896}.Debug|x64.ActiveCfg = Debug|Any CPU
		{E2550739-E067-454D-ABAF-1939F12EC896}.Debug|x64.Build.0 = Debug|Any CPU
		{E2550739-E067-454D-ABAF-1939F12EC896}.Debug|Any CPU.ActiveCfg = Debug|Any CPU
		{E2550739-E067-454D-ABAF-1939F12EC896}.Debug|Any CPU.Build.0 = Debug|Any CPU
		{E2550739-E067-454D-ABAF-1939F12EC896}.Debug|x86.ActiveCfg = Debug|Any CPU
		{E2550739-E067-454D-ABAF-1939F12EC896}.Debug|x86.Build.0 = Debug|Any CPU
		{E2550739-E067-454D-ABAF-1939F12EC896}.Release|x64.ActiveCfg = Release|Any CPU
		{E2550739-E067-454D-ABAF-1939F12EC896}.Release|x64.Build.0 = Release|Any CPU
		{E2550739-E067-454D-ABAF-1939F12EC896}.Release|Any CPU.ActiveCfg = Release|Any CPU
		{E2550739-E067-454D-ABAF-1939F12EC896}.Release|Any CPU.Build.0 = Release|Any CPU
		{E2550739-E067-454D-ABAF-1939F12EC896}.Release|x86.ActiveCfg = Release|Any CPU
		{E2550739-E067-454D-ABAF-1939F12EC896}.Release|x86.Build.0 = Release|Any CPU
		{1A8A1B03-680A-40E0-A1E8-4C497A993758}.Debug|x64.ActiveCfg = Debug|Any CPU
		{1A8A1B03-680A-40E0-A1E8-4C497A993758}.Debug|x64.Build.0 = Debug|Any CPU
		{1A8A1B03-680A-40E0-A1E8-4C497A993758}.Debug|Any CPU.ActiveCfg = Debug|Any CPU
		{1A8A1B03-680A-40E0-A1E8-4C497A993758}.Debug|Any CPU.Build.0 = Debug|Any CPU
		{1A8A1B03-680A-40E0-A1E8-4C497A993758}.Debug|x86.ActiveCfg = Debug|Any CPU
		{1A8A1B03-680A-40E0-A1E8-4C497A993758}.Debug|x86.Build.0 = Debug|Any CPU
		{1A8A1B03-680A-40E0-A1E8-4C497A993758}.Release|x64.ActiveCfg = Release|Any CPU
		{1A8A1B03-680A-40E0-A1E8-4C497A993758}.Release|x64.Build.0 = Release|Any CPU
		{1A8A1B03-680A-40E0-A1E8-4C497A993758}.Release|Any CPU.ActiveCfg = Release|Any CPU
		{1A8A1B03-680A-40E0-A1E8-4C497A993758}.Release|Any CPU.Build.0 = Release|Any CPU
		{1A8A1B03-680A-40E0-A1E8-4C497A993758}.Release|x86.ActiveCfg = Release|Any CPU
		{1A8A1B03-680A-40E0-A1E8-4C497A993758}.Release|x86.Build.0 = Release|Any CPU
		{FE747157-41B1-45BD-BC5E-DA169ADCCA1C}.Debug|x64.ActiveCfg = Debug|Any CPU
		{FE747157-41B1-45BD-BC5E-DA169ADCCA1C}.Debug|x64.Build.0 = Debug|Any CPU
		{FE747157-41B1-45BD-BC5E-DA169ADCCA1C}.Debug|Any CPU.ActiveCfg = Debug|Any CPU
		{FE747157-41B1-45BD-BC5E-DA169ADCCA1C}.Debug|Any CPU.Build.0 = Debug|Any CPU
		{FE747157-41B1-45BD-BC5E-DA169ADCCA1C}.Debug|x86.ActiveCfg = Debug|Any CPU
		{FE747157-41B1-45BD-BC5E-DA169ADCCA1C}.Debug|x86.Build.0 = Debug|Any CPU
		{FE747157-41B1-45BD-BC5E-DA169ADCCA1C}.Release|x64.ActiveCfg = Release|Any CPU
		{FE747157-41B1-45BD-BC5E-DA169ADCCA1C}.Release|x64.Build.0 = Release|Any CPU
		{FE747157-41B1-45BD-BC5E-DA169ADCCA1C}.Release|Any CPU.ActiveCfg = Release|Any CPU
		{FE747157-41B1-45BD-BC5E-DA169ADCCA1C}.Release|Any CPU.Build.0 = Release|Any CPU
		{FE747157-41B1-45BD-BC5E-DA169ADCCA1C}.Release|x86.ActiveCfg = Release|Any CPU
		{FE747157-41B1-45BD-BC5E-DA169ADCCA1C}.Release|x86.Build.0 = Release|Any CPU
		{B0BC37A6-297E-44CF-B460-6C8A15B47099}.Debug|x64.ActiveCfg = Debug|Any CPU
		{B0BC37A6-297E-44CF-B460-6C8A15B47099}.Debug|x64.Build.0 = Debug|Any CPU
		{B0BC37A6-297E-44CF-B460-6C8A15B47099}.Debug|Any CPU.ActiveCfg = Debug|Any CPU
		{B0BC37A6-297E-44CF-B460-6C8A15B47099}.Debug|Any CPU.Build.0 = Debug|Any CPU
		{B0BC37A6-297E-44CF-B460-6C8A15B47099}.Debug|x86.ActiveCfg = Debug|Any CPU
		{B0BC37A6-297E-44CF-B460-6C8A15B47099}.Debug|x86.Build.0 = Debug|Any CPU
		{B0BC37A6-297E-44CF-B460-6C8A15B47099}.Release|x64.ActiveCfg = Release|Any CPU
		{B0BC37A6-297E-44CF-B460-6C8A15B47099}.Release|x64.Build.0 = Release|Any CPU
		{B0BC37A6-297E-44CF-B460-6C8A15B47099}.Release|Any CPU.ActiveCfg = Release|Any CPU
		{B0BC37A6-297E-44CF-B460-6C8A15B47099}.Release|Any CPU.Build.0 = Release|Any CPU
		{B0BC37A6-297E-44CF-B460-6C8A15B47099}.Release|x86.ActiveCfg = Release|Any CPU
		{B0BC37A6-297E-44CF-B460-6C8A15B47099}.Release|x86.Build.0 = Release|Any CPU
	EndGlobalSection
	GlobalSection(SolutionProperties) = preSolution
		HideSolutionNode = FALSE
	EndGlobalSection
	GlobalSection(NestedProjects) = preSolution
		{8D849247-801C-4792-B200-965ABB97032A} = {827E0CD3-B72D-47B6-A68D-7590B98EB39B}
		{B2EDB344-1BC2-43AF-88A8-426B4350AF6E} = {827E0CD3-B72D-47B6-A68D-7590B98EB39B}
		{E45BD3F9-3238-4842-8A88-C7D25DAF969D} = {827E0CD3-B72D-47B6-A68D-7590B98EB39B}
		{49ACB932-80F3-4517-8789-B506C78DA643} = {5D20AA90-6969-D8BD-9DCD-8634F4692FDA}
		{E7AB2A3F-4004-4493-992C-CB4BAC0777B4} = {0AB3BF05-4346-4AA6-1389-037BE0695223}
		{43B83FD6-FA31-475B-843E-567384DAE31C} = {07C2787E-EAC7-C090-1BA3-A61EC2A24D84}
		{4DEC29F6-BCDA-47CA-87E9-8F4F463DC77B} = {07C2787E-EAC7-C090-1BA3-A61EC2A24D84}
		{8DA96C4E-88F0-4837-AF68-B31C4AB63FE8} = {827E0CD3-B72D-47B6-A68D-7590B98EB39B}
		{1DD906DB-6421-4975-886E-9AD3788E9949} = {827E0CD3-B72D-47B6-A68D-7590B98EB39B}
		{AA680E72-12E3-49E5-8CD8-E7BDCDF7E671} = {5D20AA90-6969-D8BD-9DCD-8634F4692FDA}
		{295C5C22-85C2-42FF-8273-B8418D9A97D3} = {07C2787E-EAC7-C090-1BA3-A61EC2A24D84}
		{CC6D363A-DDAB-4ED9-9653-69CA03FEB99E} = {827E0CD3-B72D-47B6-A68D-7590B98EB39B}
		{E2550739-E067-454D-ABAF-1939F12EC896} = {827E0CD3-B72D-47B6-A68D-7590B98EB39B}
		{B0BC37A6-297E-44CF-B460-6C8A15B47099} = {07C2787E-EAC7-C090-1BA3-A61EC2A24D84}
	EndGlobalSection
EndGlobal
