{
  "version": 1,
  "dependencies": {
    ".NETFramework,Version=v4.8": {
      "Microsoft.NETFramework.ReferenceAssemblies.net48": {
        "type": "Direct",
        "requested": "[1.0.3, )",
        "resolved": "1.0.3",
        "contentHash": "zMk4D+9zyiEWByyQ7oPImPN/Jhpj166Ky0Nlla4eXlNL8hI/BtSJsgR8Inldd4NNpIAH3oh8yym0W2DrhXdSLQ=="
      },
      "Newtonsoft.Json": {
        "type": "Direct",
        "requested": "[13.0.3, )",
        "resolved": "13.0.3",
        "contentHash": "HrC5BXdl00IP9zeV+0Z848QWPAoCr9P3bDEZguI+gkLcBKAOxix/tLEAAHC+UvDNPv4a2d18lOReHMOagPa+zQ=="
      },
      "dp.labelinspection": {
        "type": "Project",
        "dependencies": {
          "DP.LabelInspection.Adapter.Vision": "[0.2.0-preview.1, )",
          "DP.LabelInspection.Contracts": "[0.2.0-preview.1, )",
          "DP.Vision.Winform": "[0.1.0-preview.2, )"
        }
      },
      "dp.labelinspection.adapter.vision": {
        "type": "Project",
        "dependencies": {
          "DP.LabelInspection.Contracts": "[0.2.0-preview.1, )",
          "DP.Vision": "[0.1.0-preview.2, )"
        }
      },
      "dp.labelinspection.contracts": {
        "type": "Project"
      },
      "dp.vision": {
        "type": "Project"
      },
      "dp.vision.winform": {
        "type": "Project",
        "dependencies": {
          "DP.Vision": "[0.1.0-preview.2, )"
        }
      }
    },
    ".NETFramework,Version=v4.8/win-x64": {}
  }
}